
Microsoft Visual Studio Solution File, Format Version 12.00
# Visual Studio 15
VisualStudioVersion = 15.0.28010.2050
MinimumVisualStudioVersion = 10.0.40219.1
Project("{FAE04EC0-301F-11D3-BF4B-00C04F79EFBC}") = "Products", "Products\Products.csproj", "{3581A61B-CCC9-4D7E-8242-682BE9EE8C76}"
EndProject
Project("{FAE04EC0-301F-11D3-BF4B-00C04F79EFBC}") = "Products.Tests", "Products.Tests\Products.Tests.csproj", "{C434931F-903A-4CD5-94C6-289B9A6B5E43}"
EndProject
Project("{FAE04EC0-301F-11D3-BF4B-00C04F79EFBC}") = "Products.Domain", "Products.Domain\Products.Domain.csproj", "{6AD65F00-C008-4ECC-9AED-0C8F98EC4ADE}"
EndProject
Project("{FAE04EC0-301F-11D3-BF4B-00C04F79EFBC}") = "Products.Infrastructure", "Products.Infrastructure\Products.Infrastructure.csproj", "{5E4BAA13-CFDD-48EE-A2E0-8F9852E79735}"
EndProject
Global
	GlobalSection(SolutionConfigurationPlatforms) = preSolution
		Debug|Any CPU = Debug|Any CPU
		Release|Any CPU = Release|Any CPU
	EndGlobalSection
	GlobalSection(ProjectConfigurationPlatforms) = postSolution
		{3581A61B-CCC9-4D7E-8242-682BE9EE8C76}.Debug|Any CPU.ActiveCfg = Debug|Any CPU
		{3581A61B-CCC9-4D7E-8242-682BE9EE8C76}.Debug|Any CPU.Build.0 = Debug|Any CPU
		{3581A61B-CCC9-4D7E-8242-682BE9EE8C76}.Release|Any CPU.ActiveCfg = Release|Any CPU
		{3581A61B-CCC9-4D7E-8242-682BE9EE8C76}.Release|Any CPU.Build.0 = Release|Any CPU
		{C434931F-903A-4CD5-94C6-289B9A6B5E43}.Debug|Any CPU.ActiveCfg = Debug|Any CPU
		{C434931F-903A-4CD5-94C6-289B9A6B5E43}.Debug|Any CPU.Build.0 = Debug|Any CPU
		{C434931F-903A-4CD5-94C6-289B9A6B5E43}.Release|Any CPU.ActiveCfg = Release|Any CPU
		{C434931F-903A-4CD5-94C6-289B9A6B5E43}.Release|Any CPU.Build.0 = Release|Any CPU
		{6AD65F00-C008-4ECC-9AED-0C8F98EC4ADE}.Debug|Any CPU.ActiveCfg = Debug|Any CPU
		{6AD65F00-C008-4ECC-9AED-0C8F98EC4ADE}.Debug|Any CPU.Build.0 = Debug|Any CPU
		{6AD65F00-C008-4ECC-9AED-0C8F98EC4ADE}.Release|Any CPU.ActiveCfg = Release|Any CPU
		{6AD65F00-C008-4ECC-9AED-0C8F98EC4ADE}.Release|Any CPU.Build.0 = Release|Any CPU
		{5E4BAA13-CFDD-48EE-A2E0-8F9852E79735}.Debug|Any CPU.ActiveCfg = Debug|Any CPU
		{5E4BAA13-CFDD-48EE-A2E0-8F9852E79735}.Debug|Any CPU.Build.0 = Debug|Any CPU
		{5E4BAA13-CFDD-48EE-A2E0-8F9852E79735}.Release|Any CPU.ActiveCfg = Release|Any CPU
		{5E4BAA13-CFDD-48EE-A2E0-8F9852E79735}.Release|Any CPU.Build.0 = Release|Any CPU
	EndGlobalSection
	GlobalSection(SolutionProperties) = preSolution
		HideSolutionNode = FALSE
	EndGlobalSection
	GlobalSection(ExtensibilityGlobals) = postSolution
		SolutionGuid = {D9448B3C-6363-4CB9-BD2B-2094D6C0373B}
	EndGlobalSection
EndGlobal
